
Microsoft Visual Studio Solution File, Format Version 12.00
# Visual Studio Version 17
VisualStudioVersion = 17.0.32014.148
MinimumVisualStudioVersion = 10.0.40219.1
Project("{FAE04EC0-301F-11D3-BF4B-00C04F79EFBC}") = "VirtualDesktopHelperStuff", "VirtualDesktopHelperStuff\VirtualDesktopHelperStuff.csproj", "{BB37AB5F-F62E-4D29-894D-3742C8A9577B}"
EndProject
Global
	GlobalSection(SolutionConfigurationPlatforms) = preSolution
		Debug|Any CPU = Debug|Any CPU
		Release|Any CPU = Release|Any CPU
	EndGlobalSection
	GlobalSection(ProjectConfigurationPlatforms) = postSolution
		{BB37AB5F-F62E-4D29-894D-3742C8A9577B}.Debug|Any CPU.ActiveCfg = Debug|Any CPU
		{BB37AB5F-F62E-4D29-894D-3742C8A9577B}.Debug|Any CPU.Build.0 = Debug|Any CPU
		{BB37AB5F-F62E-4D29-894D-3742C8A9577B}.Release|Any CPU.ActiveCfg = Release|Any CPU
		{BB37AB5F-F62E-4D29-894D-3742C8A9577B}.Release|Any CPU.Build.0 = Release|Any CPU
	EndGlobalSection
	GlobalSection(SolutionProperties) = preSolution
		HideSolutionNode = FALSE
	EndGlobalSection
	GlobalSection(ExtensibilityGlobals) = postSolution
		SolutionGuid = {32251DFC-3E3C-481A-AECD-F3751C90CF39}
	EndGlobalSection
EndGlobal
